{
  "nodes": {
    "blink-cmp": {
      "inputs": {
        "fenix": [
          "snv",
          "fenix"
        ],
        "flake-parts": [
          "snv",
          "flake-parts"
        ],
        "nixpkgs": [
          "snv",
          "nixpkgs"
        ]
      },
      "locked": {
        "lastModified": 1771620883,
        "narHash": "sha256-trda+Bl73S4j4MZFVNFISwDxTy2afonC0gHYxWU+7gk=",
        "owner": "saghen",
        "repo": "blink.cmp",
        "rev": "b4d379393882561f9055abe780342ee00f02c573",
        "type": "github"
      },
      "original": {
        "owner": "saghen",
        "repo": "blink.cmp",
        "type": "github"
      }
    },
    "blink-lib": {
      "flake": false,
      "locked": {
        "lastModified": 1755526317,
        "narHash": "sha256-sHhDLznOpWjbAURqcfLo4qE3PAoLyG9i9Cu0iWuSzCc=",
        "owner": "saghen",
        "repo": "blink.lib",
        "rev": "86361b98f3c8317904a08e3bd12cf3cdcbe3e925",
        "type": "github"
      },
      "original": {
        "owner": "saghen",
        "repo": "blink.lib",
        "type": "github"
      }
    },
    "blink-pairs": {
      "inputs": {
        "fenix": [
          "snv",
          "fenix"
        ],
        "flake-parts": [
          "snv",
          "flake-parts"
        ],
        "nixpkgs": [
          "snv",
          "nixpkgs"
        ]
      },
      "locked": {
        "lastModified": 1770153157,
        "narHash": "sha256-JPrMJ+YhsjEll7X9mRoDci7l0VkofD4UIN5xTJyHNiY=",
        "owner": "saghen",
        "repo": "blink.pairs",
        "rev": "2a7cb15f2c4bbbbe178ebf9f3fdae19aa6d28d39",
        "type": "github"
      },
      "original": {
        "owner": "saghen",
        "repo": "blink.pairs",
        "type": "github"
      }
    },
    "catppuccin": {
      "inputs": {
        "nixpkgs": [
          "nixpkgs"
        ]
      },
      "locked": {
        "lastModified": 1771587924,
        "narHash": "sha256-eVYOGmF8nQBhudJyU6lHdgJI87kvGz8JyCq5/Vi9Mjk=",
        "owner": "catppuccin",
        "repo": "nix",
        "rev": "b0c65edbf31c2ad3d84438d82c2310f2c28373f3",
        "type": "github"
      },
      "original": {
        "owner": "catppuccin",
        "repo": "nix",
        "type": "github"
      }
    },
    "clasp-nvim": {
      "flake": false,
      "locked": {
        "lastModified": 1743021743,
        "narHash": "sha256-xHYEalIW54xrmqYaav9QgCqINu+Il7H9VuUEYadmJIE=",
        "owner": "xzbdmw",
        "repo": "clasp.nvim",
        "rev": "25442429aae1b1de0627f358740613f77ec57410",
        "type": "github"
      },
      "original": {
        "owner": "xzbdmw",
        "repo": "clasp.nvim",
        "type": "github"
      }
    },
    "disko": {
      "inputs": {
        "nixpkgs": [
          "nixpkgs"
        ]
      },
      "locked": {
        "lastModified": 1771469470,
        "narHash": "sha256-GnqdqhrguKNN3HtVfl6z+zbV9R9jhHFm3Z8nu7R6ml0=",
        "owner": "nix-community",
        "repo": "disko",
        "rev": "4707eec8d1d2db5182ea06ed48c820a86a42dc13",
        "type": "github"
      },
      "original": {
        "owner": "nix-community",
        "repo": "disko",
        "type": "github"
      }
    },
    "fenix": {
      "inputs": {
        "nixpkgs": [
          "nixpkgs"
        ],
        "rust-analyzer-src": "rust-analyzer-src"
      },
      "locked": {
        "lastModified": 1771657407,
        "narHash": "sha256-ZkKTcOgfy8lIkdTNpGfc01G21d5oT7xMqGT4cazFl60=",
        "owner": "nix-community",
        "repo": "fenix",
        "rev": "6d86ae5186ba275b7874d02908505fc658448658",
        "type": "github"
      },
      "original": {
        "owner": "nix-community",
        "repo": "fenix",
        "type": "github"
      }
    },
    "filler-begone-nvim": {
      "flake": false,
      "locked": {
        "lastModified": 1761853294,
        "narHash": "sha256-5Sanxi84V8jc7Ol+Q8K4FAECKevZBoJ29rSgN9Yz7VM=",
        "owner": "saghen",
        "repo": "filler-begone.nvim",
        "rev": "122018c0f54519b9ee16fb0e31b96989a7682e1c",
        "type": "github"
      },
      "original": {
        "owner": "saghen",
        "repo": "filler-begone.nvim",
        "type": "github"
      }
    },
    "firefox-nightly": {
      "inputs": {
        "flake-compat": "flake-compat",
        "lib-aggregate": "lib-aggregate",
        "nixpkgs": [
          "nixpkgs"
        ]
      },
      "locked": {
        "lastModified": 1771672907,
        "narHash": "sha256-DilZyapDPyTwiN50doCBSgrYXXJCPKl6Cp8LDxOH28Q=",
        "owner": "nix-community",
        "repo": "flake-firefox-nightly",
        "rev": "d144ec1f93cb584dd2e3569c31fb1896928a5dc7",
        "type": "github"
      },
      "original": {
        "owner": "nix-community",
        "repo": "flake-firefox-nightly",
        "type": "github"
      }
    },
    "flake-compat": {
      "locked": {
        "lastModified": 1761640442,
        "narHash": "sha256-AtrEP6Jmdvrqiv4x2xa5mrtaIp3OEe8uBYCDZDS+hu8=",
        "owner": "nix-community",
        "repo": "flake-compat",
        "rev": "4a56054d8ffc173222d09dad23adf4ba946c8884",
        "type": "github"
      },
      "original": {
        "owner": "nix-community",
        "repo": "flake-compat",
        "type": "github"
      }
    },
    "flake-parts": {
      "inputs": {
        "nixpkgs-lib": [
          "snv",
          "nixpkgs"
        ]
      },
      "locked": {
        "lastModified": 1769996383,
        "narHash": "sha256-AnYjnFWgS49RlqX7LrC4uA+sCCDBj0Ry/WOJ5XWAsa0=",
        "owner": "hercules-ci",
        "repo": "flake-parts",
        "rev": "57928607ea566b5db3ad13af0e57e921e6b12381",
        "type": "github"
      },
      "original": {
        "owner": "hercules-ci",
        "repo": "flake-parts",
        "type": "github"
      }
    },
    "flake-utils": {
      "inputs": {
        "systems": "systems"
      },
      "locked": {
        "lastModified": 1731533236,
        "narHash": "sha256-l0KFg5HjrsfsO/JpG+r7fRrqm12kzFHyUHqHCVpMMbI=",
        "owner": "numtide",
        "repo": "flake-utils",
        "rev": "11707dc2f618dd54ca8739b309ec4fc024de578b",
        "type": "github"
      },
      "original": {
        "owner": "numtide",
        "repo": "flake-utils",
        "type": "github"
      }
    },
    "flake-utils_2": {
      "inputs": {
        "systems": "systems_2"
      },
      "locked": {
        "lastModified": 1731533236,
        "narHash": "sha256-l0KFg5HjrsfsO/JpG+r7fRrqm12kzFHyUHqHCVpMMbI=",
        "owner": "numtide",
        "repo": "flake-utils",
        "rev": "11707dc2f618dd54ca8739b309ec4fc024de578b",
        "type": "github"
      },
      "original": {
        "owner": "numtide",
        "repo": "flake-utils",
        "type": "github"
      }
    },
    "ghostty": {
      "inputs": {
        "flake-compat": [],
        "flake-utils": "flake-utils_2",
        "home-manager": [],
        "nixpkgs": [
          "nixpkgs"
        ],
        "zig": "zig",
        "zon2nix": "zon2nix"
      },
      "locked": {
        "lastModified": 1771694308,
        "narHash": "sha256-jPxFDCVP6M6Pc0d1YfQUil/UTrrbV+Gkakp7O9qdH4A=",
        "owner": "ghostty-org",
        "repo": "ghostty",
        "rev": "2e172eeb60b0096f2946eb631b2e8bc294e45c62",
        "type": "github"
      },
      "original": {
        "owner": "ghostty-org",
        "ref": "tip",
        "repo": "ghostty",
        "type": "github"
      }
    },
    "hjem": {
      "inputs": {
        "nix-darwin": [],
        "nixpkgs": [
          "nixpkgs"
        ],
        "smfh": "smfh"
      },
      "locked": {
        "lastModified": 1771212460,
        "narHash": "sha256-1RfmXbDIxgwP2/SrYSYd9zdArUaJEm6C3FXpdRlmeso=",
        "owner": "feel-co",
        "repo": "hjem",
        "rev": "7f2880d705edf541955d98f56cb78f9507384423",
        "type": "github"
      },
      "original": {
        "owner": "feel-co",
        "repo": "hjem",
        "type": "github"
      }
    },
    "hjem-rum": {
      "inputs": {
        "hjem": [
          "hjem"
        ],
        "ndg": "ndg",
        "nixpkgs": [
          "nixpkgs"
        ],
        "treefmt-nix": []
      },
      "locked": {
        "lastModified": 1771501078,
        "narHash": "sha256-Z2bux6QPs4lBzdiw5NdgPqk+BPF1H4lEu3C68ID7bYg=",
        "owner": "snugnug",
        "repo": "hjem-rum",
        "rev": "57175e2f6ab7caf212dd985ef810ec1cd9abf755",
        "type": "github"
      },
      "original": {
        "owner": "snugnug",
        "repo": "hjem-rum",
        "type": "github"
      }
    },
    "jj-diffconflicts": {
      "flake": false,
      "locked": {
        "lastModified": 1768752277,
        "narHash": "sha256-hvMXpslucywVYA9Sdxx6IcXQXYcYNWK8s9jr+KtStdI=",
        "owner": "rafikdraoui",
        "repo": "jj-diffconflicts",
        "rev": "6d9eedadf1fab87bccb0a4a7ceda829da8023efb",
        "type": "github"
      },
      "original": {
        "owner": "rafikdraoui",
        "repo": "jj-diffconflicts",
        "type": "github"
      }
    },
    "lib-aggregate": {
      "inputs": {
        "flake-utils": "flake-utils",
        "nixpkgs-lib": "nixpkgs-lib"
      },
      "locked": {
        "lastModified": 1771160403,
        "narHash": "sha256-pDF4Xvy4lxS4plZ1BUad46003VdJnFltVmK1G9CSA0k=",
        "owner": "nix-community",
        "repo": "lib-aggregate",
        "rev": "3bcbd28e8a1b5f0c9217a65665c7948e82cdff51",
        "type": "github"
      },
      "original": {
        "owner": "nix-community",
        "repo": "lib-aggregate",
        "type": "github"
      }
    },
    "ndg": {
      "inputs": {
        "nixpkgs": "nixpkgs"
      },
      "locked": {
        "lastModified": 1766342086,
        "narHash": "sha256-vKuCSU8BCUxG8S2/EyOXrCbIQjmY07Jb5Cq3ehnLsnY=",
        "owner": "feel-co",
        "repo": "ndg",
        "rev": "696647a8f0ea1451c02de21b6bdf2a2c9f238d85",
        "type": "github"
      },
      "original": {
        "owner": "feel-co",
        "ref": "v2.5.1",
        "repo": "ndg",
        "type": "github"
      }
    },
    "neovim-nightly-overlay": {
      "inputs": {
        "flake-parts": [
          "snv",
          "flake-parts"
        ],
        "neovim-src": "neovim-src",
        "nixpkgs": [
          "snv",
          "nixpkgs"
        ]
      },
      "locked": {
        "lastModified": 1771632300,
        "narHash": "sha256-uP5SbbbN86+LZ8VubL01UKD6bez5DK9prqIqQOMy3Jw=",
        "owner": "nix-community",
        "repo": "neovim-nightly-overlay",
        "rev": "0f601090d4d54b3da0d03e270cb6a5c68bf84dd3",
        "type": "github"
      },
      "original": {
        "owner": "nix-community",
        "repo": "neovim-nightly-overlay",
        "type": "github"
      }
    },
    "neovim-src": {
      "flake": false,
      "locked": {
        "lastModified": 1771630915,
        "narHash": "sha256-7RPG+RG/e0O79HjNT/ztC7K7j/xXazltq3TPk1mauqY=",
        "owner": "neovim",
        "repo": "neovim",
        "rev": "d79a9dcd422133bc1e4b4ef94444962560d7a6d7",
        "type": "github"
      },
      "original": {
        "owner": "neovim",
        "repo": "neovim",
        "type": "github"
      }
    },
    "niri": {
      "inputs": {
        "nixpkgs": [
          "nixpkgs"
        ],
        "rust-overlay": []
      },
      "locked": {
        "lastModified": 1771305475,
        "narHash": "sha256-lqweVTwHhYc+9T33cysp38gVwxaibGJHriOPZXWyhCY=",
        "owner": "YaLTeR",
        "repo": "niri",
        "rev": "a2a52911757cb3b497db9407592f9b4c439571ea",
        "type": "github"
      },
      "original": {
        "owner": "YaLTeR",
        "repo": "niri",
        "type": "github"
      }
    },
    "nix-index-database": {
      "inputs": {
        "nixpkgs": [
          "nixpkgs"
        ]
      },
      "locked": {
        "lastModified": 1771130777,
        "narHash": "sha256-UIKOwG0D9XVIJfNWg6+gENAvQP+7LO46eO0Jpe+ItJ0=",
        "owner": "nix-community",
        "repo": "nix-index-database",
        "rev": "efec7aaad8d43f8e5194df46a007456093c40f88",
        "type": "github"
      },
      "original": {
        "owner": "nix-community",
        "repo": "nix-index-database",
        "type": "github"
      }
    },
    "nixos-hardware": {
      "locked": {
        "lastModified": 1771423359,
        "narHash": "sha256-yRKJ7gpVmXbX2ZcA8nFi6CMPkJXZGjie2unsiMzj3Ig=",
        "owner": "NixOS",
        "repo": "nixos-hardware",
        "rev": "740a22363033e9f1bb6270fbfb5a9574067af15b",
        "type": "github"
      },
      "original": {
        "owner": "NixOS",
        "repo": "nixos-hardware",
        "type": "github"
      }
    },
    "nixpkgs": {
      "locked": {
        "lastModified": 1766070988,
        "narHash": "sha256-G/WVghka6c4bAzMhTwT2vjLccg/awmHkdKSd2JrycLc=",
        "owner": "NixOS",
        "repo": "nixpkgs",
        "rev": "c6245e83d836d0433170a16eb185cefe0572f8b8",
        "type": "github"
      },
      "original": {
        "owner": "NixOS",
        "ref": "nixos-unstable",
        "repo": "nixpkgs",
        "type": "github"
      }
    },
    "nixpkgs-lib": {
      "locked": {
        "lastModified": 1771119037,
        "narHash": "sha256-OAOcOMYrZwP1DS6sxGKNXdJjsTq+UtZiouBdW4X7LX8=",
        "owner": "nix-community",
        "repo": "nixpkgs.lib",
        "rev": "f472c854add422e3723c6fee2a470bbbec434006",
        "type": "github"
      },
      "original": {
        "owner": "nix-community",
        "repo": "nixpkgs.lib",
        "type": "github"
      }
    },
    "nixpkgs_2": {
      "locked": {
        "lastModified": 1771369470,
        "narHash": "sha256-QuLskcmhZmccr+kp9DhjrH7AkFvA9mf+dZdOQfNq/KI=",
        "rev": "0182a361324364ae3f436a63005877674cf45efb",
        "type": "tarball",
        "url": "https://releases.nixos.org/nixos/unstable/nixos-26.05pre948083.0182a3613243/nixexprs.tar.xz"
      },
      "original": {
        "type": "tarball",
        "url": "https://channels.nixos.org/nixos-unstable/nixexprs.tar.xz"
      }
    },
    "nixpkgs_3": {
      "locked": {
        "lastModified": 1769089682,
        "narHash": "sha256-9yA/LIuAVQq0lXelrZPjLuLVuZdm03p8tfmHhnDIkms=",
        "owner": "NixOS",
        "repo": "nixpkgs",
        "rev": "078d69f03934859a181e81ba987c2bb033eebfc5",
        "type": "github"
      },
      "original": {
        "owner": "NixOS",
        "ref": "nixos-25.11",
        "repo": "nixpkgs",
        "type": "github"
      }
    },
    "noctalia-shell": {
      "inputs": {
        "nixpkgs": [
          "nixpkgs"
        ]
      },
      "locked": {
        "lastModified": 1771690106,
        "narHash": "sha256-dkLvVNUgr5jOoNOc4iE8NXGmo29Wt/Dk/gPKPr8bamQ=",
        "owner": "noctalia-dev",
        "repo": "noctalia-shell",
        "rev": "835d632e57e7b0cb7321f56ea4d83c9fac88b05c",
        "type": "github"
      },
      "original": {
        "owner": "noctalia-dev",
        "repo": "noctalia-shell",
        "type": "github"
      }
    },
    "root": {
      "inputs": {
        "catppuccin": "catppuccin",
        "disko": "disko",
        "fenix": "fenix",
        "firefox-nightly": "firefox-nightly",
        "ghostty": "ghostty",
        "hjem": "hjem",
        "hjem-rum": "hjem-rum",
        "niri": "niri",
        "nix-index-database": "nix-index-database",
        "nixos-hardware": "nixos-hardware",
        "nixpkgs": "nixpkgs_2",
        "noctalia-shell": "noctalia-shell",
        "secrets": "secrets",
        "snv": "snv",
        "sops-nix": "sops-nix",
        "spicetify-nix": "spicetify-nix",
        "treefmt-nix": "treefmt-nix",
        "xwayland-satellite": "xwayland-satellite"
      }
    },
    "rust-analyzer-src": {
      "flake": false,
      "locked": {
        "lastModified": 1771585531,
        "narHash": "sha256-xMDlGXSLxr5F2lt7ydy3ve4rE7xFVvBx1u8OyYOXyDI=",
        "owner": "rust-lang",
        "repo": "rust-analyzer",
        "rev": "46a214b5d35f2e2a02c0b278d9287b20760821eb",
        "type": "github"
      },
      "original": {
        "owner": "rust-lang",
        "ref": "nightly",
        "repo": "rust-analyzer",
        "type": "github"
      }
    },
    "rust-overlay": {
      "inputs": {
        "nixpkgs": [
          "hjem",
          "smfh",
          "nixpkgs"
        ]
      },
      "locked": {
        "lastModified": 1771125043,
        "narHash": "sha256-ldf/s49n6rOAxl7pYLJGGS1N/assoHkCOWdEdLyNZkc=",
        "owner": "oxalica",
        "repo": "rust-overlay",
        "rev": "4912f951a26dc8142b176be2c2ad834319dc06e8",
        "type": "github"
      },
      "original": {
        "owner": "oxalica",
        "repo": "rust-overlay",
        "type": "github"
      }
    },
    "secrets": {
      "locked": {
        "lastModified": 1769634528,
        "narHash": "sha256-HfLNPn5kowlTFVXojgfKVzHUXnrVA/Cf75c6p3z/1Ek=",
        "ref": "refs/heads/main",
        "rev": "253ed369c52a7870edc80e10a1610f668fe34603",
        "revCount": 20,
        "type": "git",
        "url": "https://github.com/stefanboca/nixfiles-secrets"
      },
      "original": {
        "type": "git",
        "url": "https://github.com/stefanboca/nixfiles-secrets"
      }
    },
    "sigil-nvim": {
      "flake": false,
      "locked": {
        "lastModified": 1771138732,
        "narHash": "sha256-mHbf8z3p46e7bfcc5gwXLZcfm7y3XkjCiwgGFckce2s=",
        "owner": "Prgebish",
        "repo": "sigil.nvim",
        "rev": "62e305ec5cc9f59dcc15e4d5958199d0fd7689a8",
        "type": "github"
      },
      "original": {
        "owner": "Prgebish",
        "repo": "sigil.nvim",
        "type": "github"
      }
    },
    "smfh": {
      "inputs": {
        "nixpkgs": [
          "hjem",
          "nixpkgs"
        ],
        "rust-overlay": "rust-overlay",
        "systems": "systems_3"
      },
      "locked": {
        "lastModified": 1771208268,
        "narHash": "sha256-6zMgOPzBbTSm8jzPqmGcotjvkN3HzxcnMM8pW64JpZQ=",
        "owner": "feel-co",
        "repo": "smfh",
        "rev": "dd0a33fc9d1fe7c29da86225af4b4a47b1714839",
        "type": "github"
      },
      "original": {
        "owner": "feel-co",
        "repo": "smfh",
        "type": "github"
      }
    },
    "snv": {
      "inputs": {
        "blink-cmp": "blink-cmp",
        "blink-lib": "blink-lib",
        "blink-pairs": "blink-pairs",
        "clasp-nvim": "clasp-nvim",
        "fenix": [
          "fenix"
        ],
        "filler-begone-nvim": "filler-begone-nvim",
        "flake-parts": "flake-parts",
        "jj-diffconflicts": "jj-diffconflicts",
        "neovim-nightly-overlay": "neovim-nightly-overlay",
        "nixpkgs": [
          "nixpkgs"
        ],
        "sigil-nvim": "sigil-nvim",
        "tiny-code-action-nvim": "tiny-code-action-nvim",
        "treefmt-nix": [],
        "unnest-nvim": "unnest-nvim"
      },
      "locked": {
        "lastModified": 1771702581,
        "narHash": "sha256-E11PNvqygwOlRM7GWmZUc5s9kPFX4UfLUhb87Ka6Y9g=",
        "owner": "stefanboca",
        "repo": "nvim",
        "rev": "e48004dc1fa9a7dc394e066a35a0a1b0b2766b82",
        "type": "github"
      },
      "original": {
        "owner": "stefanboca",
        "repo": "nvim",
        "type": "github"
      }
    },
    "sops-nix": {
      "inputs": {
        "nixpkgs": [
          "nixpkgs"
        ]
      },
      "locked": {
        "lastModified": 1771524872,
        "narHash": "sha256-eksVUcUsfS9mQx4D9DrYu88u9w70bAf+n6KmTDuIGEE=",
        "owner": "Mic92",
        "repo": "sops-nix",
        "rev": "e85540ffe97322dc1fea14dd11cdc2f59d540ac7",
        "type": "github"
      },
      "original": {
        "owner": "Mic92",
        "repo": "sops-nix",
        "type": "github"
      }
    },
    "spicetify-nix": {
      "inputs": {
        "nixpkgs": [
          "nixpkgs"
        ],
        "systems": "systems_4"
      },
      "locked": {
        "lastModified": 1771268051,
        "narHash": "sha256-nGqPcngnezoT+/xAvw3UDjwdKP2MC4fO315A/Otb9eE=",
        "owner": "Gerg-L",
        "repo": "spicetify-nix",
        "rev": "b930de84c561f62a0c39a6a57c2ab553a97e8495",
        "type": "github"
      },
      "original": {
        "owner": "Gerg-L",
        "repo": "spicetify-nix",
        "type": "github"
      }
    },
    "systems": {
      "locked": {
        "lastModified": 1681028828,
        "narHash": "sha256-Vy1rq5AaRuLzOxct8nz4T6wlgyUR7zLU309k9mBC768=",
        "owner": "nix-systems",
        "repo": "default",
        "rev": "da67096a3b9bf56a91d16901293e51ba5b49a27e",
        "type": "github"
      },
      "original": {
        "owner": "nix-systems",
        "repo": "default",
        "type": "github"
      }
    },
    "systems_2": {
      "locked": {
        "lastModified": 1681028828,
        "narHash": "sha256-Vy1rq5AaRuLzOxct8nz4T6wlgyUR7zLU309k9mBC768=",
        "owner": "nix-systems",
        "repo": "default",
        "rev": "da67096a3b9bf56a91d16901293e51ba5b49a27e",
        "type": "github"
      },
      "original": {
        "owner": "nix-systems",
        "repo": "default",
        "type": "github"
      }
    },
    "systems_3": {
      "locked": {
        "lastModified": 1681028828,
        "narHash": "sha256-Vy1rq5AaRuLzOxct8nz4T6wlgyUR7zLU309k9mBC768=",
        "owner": "nix-systems",
        "repo": "default",
        "rev": "da67096a3b9bf56a91d16901293e51ba5b49a27e",
        "type": "github"
      },
      "original": {
        "owner": "nix-systems",
        "repo": "default",
        "type": "github"
      }
    },
    "systems_4": {
      "locked": {
        "lastModified": 1681028828,
        "narHash": "sha256-Vy1rq5AaRuLzOxct8nz4T6wlgyUR7zLU309k9mBC768=",
        "owner": "nix-systems",
        "repo": "default",
        "rev": "da67096a3b9bf56a91d16901293e51ba5b49a27e",
        "type": "github"
      },
      "original": {
        "owner": "nix-systems",
        "repo": "default",
        "type": "github"
      }
    },
    "tiny-code-action-nvim": {
      "flake": false,
      "locked": {
        "lastModified": 1770982517,
        "narHash": "sha256-c3wH7Zwy0oChAuyDToHHJWOOvEALtl9FDDKNcdCCTd8=",
        "owner": "rachartier",
        "repo": "tiny-code-action.nvim",
        "rev": "2215a7311b6eac9535695167c3a38d10c3eab444",
        "type": "github"
      },
      "original": {
        "owner": "rachartier",
        "repo": "tiny-code-action.nvim",
        "type": "github"
      }
    },
    "treefmt-nix": {
      "inputs": {
        "nixpkgs": [
          "nixpkgs"
        ]
      },
      "locked": {
        "lastModified": 1770228511,
        "narHash": "sha256-wQ6NJSuFqAEmIg2VMnLdCnUc0b7vslUohqqGGD+Fyxk=",
        "owner": "numtide",
        "repo": "treefmt-nix",
        "rev": "337a4fe074be1042a35086f15481d763b8ddc0e7",
        "type": "github"
      },
      "original": {
        "owner": "numtide",
        "repo": "treefmt-nix",
        "type": "github"
      }
    },
    "unnest-nvim": {
      "flake": false,
      "locked": {
        "lastModified": 1770791105,
        "narHash": "sha256-h1Ce6HzDoMs5n1+FSexMiZJQZcw1V3HvRURz+UYBank=",
        "owner": "brianhuster",
        "repo": "unnest.nvim",
        "rev": "a862fbd6a0c415ad7741f84089492f31dbb7963c",
        "type": "github"
      },
      "original": {
        "owner": "brianhuster",
        "repo": "unnest.nvim",
        "type": "github"
      }
    },
    "xwayland-satellite": {
      "inputs": {
        "nixpkgs": "nixpkgs_3",
        "rust-overlay": []
      },
      "locked": {
        "lastModified": 1771195969,
        "narHash": "sha256-BUE41HjLIGPjq3U8VXPjf8asH8GaMI7FYdgrIHKFMXA=",
        "owner": "Supreeeme",
        "repo": "xwayland-satellite",
        "rev": "536bd32efc935bf876d6de385ec18a1b715c9358",
        "type": "github"
      },
      "original": {
        "owner": "Supreeeme",
        "repo": "xwayland-satellite",
        "type": "github"
      }
    },
    "zig": {
      "inputs": {
        "flake-compat": [
          "ghostty",
          "flake-compat"
        ],
        "flake-utils": [
          "ghostty",
          "flake-utils"
        ],
        "nixpkgs": [
          "ghostty",
          "nixpkgs"
        ]
      },
      "locked": {
        "lastModified": 1763295135,
        "narHash": "sha256-sGv/NHCmEnJivguGwB5w8LRmVqr1P72OjS+NzcJsssE=",
        "owner": "mitchellh",
        "repo": "zig-overlay",
        "rev": "64f8b42cfc615b2cf99144adf2b7728c7847c72a",
        "type": "github"
      },
      "original": {
        "owner": "mitchellh",
        "repo": "zig-overlay",
        "type": "github"
      }
    },
    "zon2nix": {
      "inputs": {
        "nixpkgs": [
          "ghostty",
          "nixpkgs"
        ]
      },
      "locked": {
        "lastModified": 1768231828,
        "narHash": "sha256-wL/8Iij4T2OLkhHcc4NieOjf7YeJffaUYbCiCqKv/+0=",
        "owner": "jcollie",
        "repo": "zon2nix",
        "rev": "c28e93f3ba133d4c1b1d65224e2eebede61fd071",
        "type": "github"
      },
      "original": {
        "owner": "jcollie",
        "repo": "zon2nix",
        "rev": "c28e93f3ba133d4c1b1d65224e2eebede61fd071",
        "type": "github"
      }
    }
  },
  "root": "root",
  "version": 7
}
